<Solution>
  <Project Path="ApiGateway/ApiGateway.csproj" />
  <Project Path="AuthService/AuthService.csproj" />
  <Project Path="CommonService/CommonService.csproj" />
  <Project Path="CompanyService/CompanyService.csproj" />
  <Project Path="JobService/JobService.csproj" />
  <Project Path="ProfileService/ProfileService.csproj" Id="2ea502a3-a5a9-4600-b784-6a46fd01f596" />
  <Project Path="ResumeService/ResumeService.csproj" />
</Solution>
